{
  "nodes": {
    "nixpkgs": {
      "locked": {
        "lastModified": 1682879489,
        "narHash": "sha256-sASwo8gBt7JDnOOstnps90K1wxmVfyhsTPPNTGBPjjg=",
        "owner": "nixos",
        "repo": "nixpkgs",
        "rev": "da45bf6ec7bbcc5d1e14d3795c025199f28e0de0",
        "type": "github"
      },
      "original": {
        "owner": "nixos",
        "ref": "nixos-unstable",
        "repo": "nixpkgs",
        "type": "github"
      }
    },
    "overrides": {
      "locked": {
        "lastModified": 1,
        "narHash": "sha256-gNyJqgoCOKZtmPlTjffE7My+QY+5ALbb6tUMOpP8tU0=",
        "path": "./overrides",
        "type": "path"
      },
      "original": {
        "path": "./overrides",
        "type": "path"
      }
    },
    "root": {
      "inputs": {
        "nixpkgs": "nixpkgs",
        "overrides": "overrides"
      }
    }
  },
  "root": "root",
  "version": 7
}
